# This file is automatically @generated by Cargo.
# It is not intended for manual editing.
[[package]]
name = "ftl_cli"
version = "0.1.0"
dependencies = [
 "ftl_error 0.1.0",
 "ftl_lexer 0.1.0",
 "ftl_session 0.1.0",
 "ftl_source 0.1.0",
 "ftl_utility 0.1.0",
]

[[package]]
name = "ftl_error"
version = "0.1.0"
dependencies = [
 "ftl_source 0.1.0",
 "ftl_utility 0.1.0",
]

[[package]]
name = "ftl_lexer"
version = "0.1.0"
dependencies = [
 "ftl_error 0.1.0",
 "ftl_session 0.1.0",
 "ftl_source 0.1.0",
 "ftl_utility 0.1.0",
]

[[package]]
name = "ftl_parser"
version = "0.1.0"
dependencies = [
 "ftl_error 0.1.0",
 "ftl_lexer 0.1.0",
 "ftl_session 0.1.0",
 "ftl_source 0.1.0",
 "ftl_utility 0.1.0",
]

[[package]]
name = "ftl_pass"
version = "0.1.0"
dependencies = [
 "ftl_error 0.1.0",
 "ftl_lexer 0.1.0",
 "ftl_parser 0.1.0",
 "ftl_session 0.1.0",
 "ftl_source 0.1.0",
 "ftl_utility 0.1.0",
]

[[package]]
name = "ftl_session"
version = "0.1.0"
dependencies = [
 "ftl_error 0.1.0",
 "ftl_source 0.1.0",
 "ftl_utility 0.1.0",
]

[[package]]
name = "ftl_source"
version = "0.1.0"

[[package]]
name = "ftl_utility"
version = "0.1.0"

