# This file is automatically @generated by Cargo.
# It is not intended for manual editing.
[[package]]
name = "toylang-cli"
version = "0.1.0"
dependencies = [
 "toylang-lexer 0.1.0",
]

[[package]]
name = "toylang-lexer"
version = "0.1.0"
dependencies = [
 "toylang-utility 0.1.0",
]

[[package]]
name = "toylang-utility"
version = "0.1.0"

